
Microsoft Visual Studio Solution File, Format Version 11.00
# Visual Studio 2010
Project("{FAE04EC0-301F-11D3-BF4B-00C04F79EFBC}") = "BibliotekaPdf", "BibliotekaPdf\BibliotekaPdf.csproj", "{07209D53-2D12-4F5C-A651-5601A1FB8F84}"
EndProject
Global
	GlobalSection(SolutionConfigurationPlatforms) = preSolution
		Debug|Any CPU = Debug|Any CPU
		Release|Any CPU = Release|Any CPU
	EndGlobalSection
	GlobalSection(ProjectConfigurationPlatforms) = postSolution
		{07209D53-2D12-4F5C-A651-5601A1FB8F84}.Debug|Any CPU.ActiveCfg = Debug|Any CPU
		{07209D53-2D12-4F5C-A651-5601A1FB8F84}.Debug|Any CPU.Build.0 = Debug|Any CPU
		{07209D53-2D12-4F5C-A651-5601A1FB8F84}.Release|Any CPU.ActiveCfg = Release|Any CPU
		{07209D53-2D12-4F5C-A651-5601A1FB8F84}.Release|Any CPU.Build.0 = Release|Any CPU
	EndGlobalSection
	GlobalSection(SolutionProperties) = preSolution
		HideSolutionNode = FALSE
	EndGlobalSection
EndGlobal
